
Microsoft Visual Studio Solution File, Format Version 12.00
# Visual Studio Version 17
VisualStudioVersion = 17.8.34601.278
MinimumVisualStudioVersion = 10.0.40219.1
Project("{FAE04EC0-301F-11D3-BF4B-00C04F79EFBC}") = "GameOfLife", "GameOfLife\GameOfLife.csproj", "{78C56941-696F-4ADF-9F9E-C72B37FD0C38}"
EndProject
Global
	GlobalSection(SolutionConfigurationPlatforms) = preSolution
		Debug|Any CPU = Debug|Any CPU
		Release|Any CPU = Release|Any CPU
	EndGlobalSection
	GlobalSection(ProjectConfigurationPlatforms) = postSolution
		{78C56941-696F-4ADF-9F9E-C72B37FD0C38}.Debug|Any CPU.ActiveCfg = Debug|Any CPU
		{78C56941-696F-4ADF-9F9E-C72B37FD0C38}.Debug|Any CPU.Build.0 = Debug|Any CPU
		{78C56941-696F-4ADF-9F9E-C72B37FD0C38}.Release|Any CPU.ActiveCfg = Release|Any CPU
		{78C56941-696F-4ADF-9F9E-C72B37FD0C38}.Release|Any CPU.Build.0 = Release|Any CPU
	EndGlobalSection
	GlobalSection(SolutionProperties) = preSolution
		HideSolutionNode = FALSE
	EndGlobalSection
	GlobalSection(ExtensibilityGlobals) = postSolution
		SolutionGuid = {BBE04926-F28B-43B9-9EC0-4C8E9167D1E0}
	EndGlobalSection
EndGlobal
